
Microsoft Visual Studio Solution File, Format Version 12.00
# Visual Studio Version 17
VisualStudioVersion = 17.8.34330.188
MinimumVisualStudioVersion = 10.0.40219.1
Project("{9A19103F-16F7-4668-BE54-9A1E7A4F7556}") = "MagicVilla_API", "MagicVilla_API\MagicVilla_API.csproj", "{8434A84D-CE0B-4282-9F6D-A6379992E101}"
EndProject
Project("{FAE04EC0-301F-11D3-BF4B-00C04F79EFBC}") = "MagicVilla_Web", "MagicVilla_Web\MagicVilla_Web.csproj", "{5B828C39-95DF-4416-BFF2-F8EDB187F03C}"
	ProjectSection(ProjectDependencies) = postProject
		{A7DF0049-48D8-4B9D-A31B-F31B79E79303} = {A7DF0049-48D8-4B9D-A31B-F31B79E79303}
	EndProjectSection
EndProject
Project("{FAE04EC0-301F-11D3-BF4B-00C04F79EFBC}") = "MagicVilla_Utilities", "MagicVilla_Utilities\MagicVilla_Utilities.csproj", "{A7DF0049-48D8-4B9D-A31B-F31B79E79303}"
EndProject
Global
	GlobalSection(SolutionConfigurationPlatforms) = preSolution
		Debug|Any CPU = Debug|Any CPU
		Release|Any CPU = Release|Any CPU
	EndGlobalSection
	GlobalSection(ProjectConfigurationPlatforms) = postSolution
		{8434A84D-CE0B-4282-9F6D-A6379992E101}.Debug|Any CPU.ActiveCfg = Debug|Any CPU
		{8434A84D-CE0B-4282-9F6D-A6379992E101}.Debug|Any CPU.Build.0 = Debug|Any CPU
		{8434A84D-CE0B-4282-9F6D-A6379992E101}.Release|Any CPU.ActiveCfg = Release|Any CPU
		{8434A84D-CE0B-4282-9F6D-A6379992E101}.Release|Any CPU.Build.0 = Release|Any CPU
		{5B828C39-95DF-4416-BFF2-F8EDB187F03C}.Debug|Any CPU.ActiveCfg = Debug|Any CPU
		{5B828C39-95DF-4416-BFF2-F8EDB187F03C}.Debug|Any CPU.Build.0 = Debug|Any CPU
		{5B828C39-95DF-4416-BFF2-F8EDB187F03C}.Release|Any CPU.ActiveCfg = Release|Any CPU
		{5B828C39-95DF-4416-BFF2-F8EDB187F03C}.Release|Any CPU.Build.0 = Release|Any CPU
		{A7DF0049-48D8-4B9D-A31B-F31B79E79303}.Debug|Any CPU.ActiveCfg = Debug|Any CPU
		{A7DF0049-48D8-4B9D-A31B-F31B79E79303}.Debug|Any CPU.Build.0 = Debug|Any CPU
		{A7DF0049-48D8-4B9D-A31B-F31B79E79303}.Release|Any CPU.ActiveCfg = Release|Any CPU
		{A7DF0049-48D8-4B9D-A31B-F31B79E79303}.Release|Any CPU.Build.0 = Release|Any CPU
	EndGlobalSection
	GlobalSection(SolutionProperties) = preSolution
		HideSolutionNode = FALSE
	EndGlobalSection
	GlobalSection(ExtensibilityGlobals) = postSolution
		SolutionGuid = {5C3546DF-D7D1-43C4-BD3E-CE0BC58ABA62}
	EndGlobalSection
EndGlobal
